
Microsoft Visual Studio Solution File, Format Version 12.00
# Visual Studio Version 17
VisualStudioVersion = 17.0.31903.59
MinimumVisualStudioVersion = 10.0.40219.1
Project("{FAE04EC0-301F-11D3-BF4B-00C04F79EFBC}") = "ColorSpheres", "ColorSpheres\ColorSpheres.csproj", "{7F7E8784-B796-476A-8ECE-A0F5BDC48488}"
EndProject
Project("{FAE04EC0-301F-11D3-BF4B-00C04F79EFBC}") = "BetterColorSpheres", "BetterColorSpheres\BetterColorSpheres.csproj", "{6492846C-9336-44C3-9E39-86941635F935}"
EndProject
Project("{FAE04EC0-301F-11D3-BF4B-00C04F79EFBC}") = "PlayerStats", "PlayerStats\PlayerStats.csproj", "{D9517655-76C2-467E-8A4C-420A3B256BF4}"
EndProject
Global
	GlobalSection(SolutionConfigurationPlatforms) = preSolution
		Debug|Any CPU = Debug|Any CPU
		Release|Any CPU = Release|Any CPU
	EndGlobalSection
	GlobalSection(SolutionProperties) = preSolution
		HideSolutionNode = FALSE
	EndGlobalSection
	GlobalSection(ProjectConfigurationPlatforms) = postSolution
		{7F7E8784-B796-476A-8ECE-A0F5BDC48488}.Debug|Any CPU.ActiveCfg = Debug|Any CPU
		{7F7E8784-B796-476A-8ECE-A0F5BDC48488}.Debug|Any CPU.Build.0 = Debug|Any CPU
		{7F7E8784-B796-476A-8ECE-A0F5BDC48488}.Release|Any CPU.ActiveCfg = Release|Any CPU
		{7F7E8784-B796-476A-8ECE-A0F5BDC48488}.Release|Any CPU.Build.0 = Release|Any CPU
		{6492846C-9336-44C3-9E39-86941635F935}.Debug|Any CPU.ActiveCfg = Debug|Any CPU
		{6492846C-9336-44C3-9E39-86941635F935}.Debug|Any CPU.Build.0 = Debug|Any CPU
		{6492846C-9336-44C3-9E39-86941635F935}.Release|Any CPU.ActiveCfg = Release|Any CPU
		{6492846C-9336-44C3-9E39-86941635F935}.Release|Any CPU.Build.0 = Release|Any CPU
		{D9517655-76C2-467E-8A4C-420A3B256BF4}.Debug|Any CPU.ActiveCfg = Debug|Any CPU
		{D9517655-76C2-467E-8A4C-420A3B256BF4}.Debug|Any CPU.Build.0 = Debug|Any CPU
		{D9517655-76C2-467E-8A4C-420A3B256BF4}.Release|Any CPU.ActiveCfg = Release|Any CPU
		{D9517655-76C2-467E-8A4C-420A3B256BF4}.Release|Any CPU.Build.0 = Release|Any CPU
	EndGlobalSection
EndGlobal
